{
  "version": 4,
  "terraform_version": "1.6.1",
  "serial": 27,
  "lineage": "ce967554-458a-06ad-6f0f-2943251b9c23",
  "outputs": {
    "cloudfront_id": {
      "value": "E32AVGDGY0D4B",
      "type": "string"
    },
    "cloudfront_url": {
      "value": "https://d22u4qgxo2qqlw.cloudfront.net",
      "type": "string"
    },
    "dist_files": {
      "value": [
        "favicon.png",
        "giphy.gif",
        "index.html",
        "script.js",
        "styles.css"
      ],
      "type": [
        "set",
        "string"
      ]
    },
    "s3_website_endpoint": {
      "value": "http://top5nfortechunit.com.s3-website-us-east-1.amazonaws.com",
      "type": "string"
    },
    "website_url": {
      "value": "https://nfortechunit.com",
      "type": "string"
    }
  },
  "resources": [
    {
      "mode": "data",
      "type": "aws_iam_policy_document",
      "name": "cloudfront",
      "provider": "provider[\"registry.terraform.io/hashicorp/aws\"]",
      "instances": [
        {
          "schema_version": 0,
          "attributes": {
            "id": "2657029731",
            "json": "{\n  \"Version\": \"2012-10-17\",\n  \"Statement\": [\n    {\n      \"Sid\": \"AllowCloudFrontServicePrincipalReadOnly\",\n      \"Effect\": \"Allow\",\n      \"Action\": \"s3:GetObject\",\n      \"Resource\": [\n        \"arn:aws:s3:::top5nfortechunit.com/*\",\n        \"arn:aws:s3:::top5nfortechunit.com\"\n      ],\n      \"Principal\": {\n        \"Service\": \"cloudfront.amazonaws.com\"\n      },\n      \"Condition\": {\n        \"StringEquals\": {\n          \"AWS:SourceArn\": \"arn:aws:cloudfront::175985118028:distribution/E32AVGDGY0D4B\"\n        }\n      }\n    }\n  ]\n}",
            "override_policy_documents": null,
            "policy_id": null,
            "source_policy_documents": null,
            "statement": [
              {
                "actions": [
                  "s3:GetObject"
                ],
                "condition": [
                  {
                    "test": "StringEquals",
                    "values": [
                      "arn:aws:cloudfront::175985118028:distribution/E32AVGDGY0D4B"
                    ],
                    "variable": "AWS:SourceArn"
                  }
                ],
                "effect": "Allow",
                "not_actions": [],
                "not_principals": [],
                "not_resources": [],
                "principals": [
                  {
                    "identifiers": [
                      "cloudfront.amazonaws.com"
                    ],
                    "type": "Service"
                  }
                ],
                "resources": [
                  "arn:aws:s3:::top5nfortechunit.com",
                  "arn:aws:s3:::top5nfortechunit.com/*"
                ],
                "sid": "AllowCloudFrontServicePrincipalReadOnly"
              }
            ],
            "version": "2012-10-17"
          },
          "sensitive_attributes": []
        }
      ]
    },
    {
      "mode": "managed",
      "type": "aws_acm_certificate",
      "name": "ssl_certificate",
      "provider": "provider[\"registry.terraform.io/hashicorp/aws\"].acm_provider",
      "instances": [
        {
          "schema_version": 0,
          "attributes": {
            "arn": "arn:aws:acm:us-east-1:175985118028:certificate/f1e68a3e-0c59-4a30-9954-905cc3cf346b",
            "certificate_authority_arn": "",
            "certificate_body": null,
            "certificate_chain": null,
            "domain_name": "nfortechunit.com",
            "domain_validation_options": [
              {
                "domain_name": "*.nfortechunit.com",
                "resource_record_name": "_95be0c49e320859e150e3b3dc1b3b14f.nfortechunit.com.",
                "resource_record_type": "CNAME",
                "resource_record_value": "_ca3b85de71c6f40f43f060a90dfbc9e4.rwqlylxcsp.acm-validations.aws."
              },
              {
                "domain_name": "nfortechunit.com",
                "resource_record_name": "_95be0c49e320859e150e3b3dc1b3b14f.nfortechunit.com.",
                "resource_record_type": "CNAME",
                "resource_record_value": "_ca3b85de71c6f40f43f060a90dfbc9e4.rwqlylxcsp.acm-validations.aws."
              }
            ],
            "early_renewal_duration": "",
            "id": "arn:aws:acm:us-east-1:175985118028:certificate/f1e68a3e-0c59-4a30-9954-905cc3cf346b",
            "key_algorithm": "RSA_2048",
            "not_after": "2025-02-11T23:59:59Z",
            "not_before": "2024-01-14T00:00:00Z",
            "options": [
              {
                "certificate_transparency_logging_preference": "ENABLED"
              }
            ],
            "pending_renewal": false,
            "private_key": null,
            "renewal_eligibility": "INELIGIBLE",
            "renewal_summary": [],
            "status": "ISSUED",
            "subject_alternative_names": [
              "*.nfortechunit.com",
              "nfortechunit.com"
            ],
            "tags": {
              "ManagedBy": "Terraform",
              "Project": "Static Website"
            },
            "tags_all": {
              "ManagedBy": "Terraform",
              "Project": "Static Website"
            },
            "type": "AMAZON_ISSUED",
            "validation_emails": [],
            "validation_method": "DNS",
            "validation_option": []
          },
          "sensitive_attributes": [],
          "private": "bnVsbA==",
          "create_before_destroy": true
        }
      ]
    },
    {
      "mode": "managed",
      "type": "aws_acm_certificate_validation",
      "name": "cert_validation",
      "provider": "provider[\"registry.terraform.io/hashicorp/aws\"].acm_provider",
      "instances": [
        {
          "schema_version": 0,
          "attributes": {
            "certificate_arn": "arn:aws:acm:us-east-1:175985118028:certificate/f1e68a3e-0c59-4a30-9954-905cc3cf346b",
            "id": "0001-01-01 00:00:00 +0000 UTC",
            "timeouts": null,
            "validation_record_fqdns": [
              "_95be0c49e320859e150e3b3dc1b3b14f.nfortechunit.com"
            ]
          },
          "sensitive_attributes": [],
          "private": "eyJlMmJmYjczMC1lY2FhLTExZTYtOGY4OC0zNDM2M2JjN2M0YzAiOnsiY3JlYXRlIjo0NTAwMDAwMDAwMDAwfX0=",
          "dependencies": [
            "aws_acm_certificate.ssl_certificate",
            "aws_route53_record.cert_validation",
            "aws_route53_zone.main"
          ]
        }
      ]
    },
    {
      "mode": "managed",
      "type": "aws_cloudfront_distribution",
      "name": "s3_distribution",
      "provider": "provider[\"registry.terraform.io/hashicorp/aws\"]",
      "instances": [
        {
          "schema_version": 1,
          "attributes": {
            "aliases": [
              "nfortechunit.com",
              "www.nfortechunit.com"
            ],
            "arn": "arn:aws:cloudfront::175985118028:distribution/E32AVGDGY0D4B",
            "caller_reference": "terraform-20240114215434408000000001",
            "comment": "nfortechunit.com distribution",
            "continuous_deployment_policy_id": "",
            "custom_error_response": [],
            "default_cache_behavior": [
              {
                "allowed_methods": [
                  "DELETE",
                  "GET",
                  "HEAD",
                  "OPTIONS",
                  "PATCH",
                  "POST",
                  "PUT"
                ],
                "cache_policy_id": "658327ea-f89d-4fab-a63d-7e88639e58f6",
                "cached_methods": [
                  "GET",
                  "HEAD"
                ],
                "compress": true,
                "default_ttl": 0,
                "field_level_encryption_id": "",
                "forwarded_values": [],
                "function_association": [
                  {
                    "event_type": "viewer-request",
                    "function_arn": "arn:aws:cloudfront::175985118028:function/static-website-www-redirect"
                  }
                ],
                "lambda_function_association": [],
                "max_ttl": 0,
                "min_ttl": 0,
                "origin_request_policy_id": "",
                "realtime_log_config_arn": "",
                "response_headers_policy_id": "",
                "smooth_streaming": false,
                "target_origin_id": "top5nfortechunit.com-origin",
                "trusted_key_groups": [],
                "trusted_signers": [],
                "viewer_protocol_policy": "redirect-to-https"
              }
            ],
            "default_root_object": "index.html",
            "domain_name": "d22u4qgxo2qqlw.cloudfront.net",
            "enabled": true,
            "etag": "E1WJ1V7Q3XS7Y4",
            "hosted_zone_id": "Z2FDTNDATAQYW2",
            "http_version": "http2and3",
            "id": "E32AVGDGY0D4B",
            "in_progress_validation_batches": 0,
            "is_ipv6_enabled": true,
            "last_modified_time": "2024-01-14 21:54:34.672 +0000 UTC",
            "logging_config": [],
            "ordered_cache_behavior": [],
            "origin": [
              {
                "connection_attempts": 3,
                "connection_timeout": 10,
                "custom_header": [],
                "custom_origin_config": [],
                "domain_name": "top5nfortechunit.com.s3.us-east-1.amazonaws.com",
                "origin_access_control_id": "E2ACN3LJFF1NB3",
                "origin_id": "top5nfortechunit.com-origin",
                "origin_path": "",
                "origin_shield": [],
                "s3_origin_config": []
              }
            ],
            "origin_group": [],
            "price_class": "PriceClass_100",
            "restrictions": [
              {
                "geo_restriction": [
                  {
                    "locations": [],
                    "restriction_type": "none"
                  }
                ]
              }
            ],
            "retain_on_delete": false,
            "staging": false,
            "status": "Deployed",
            "tags": {
              "ManagedBy": "Terraform",
              "Project": "Static Website"
            },
            "tags_all": {
              "ManagedBy": "Terraform",
              "Project": "Static Website"
            },
            "trusted_key_groups": [
              {
                "enabled": false,
                "items": []
              }
            ],
            "trusted_signers": [
              {
                "enabled": false,
                "items": []
              }
            ],
            "viewer_certificate": [
              {
                "acm_certificate_arn": "arn:aws:acm:us-east-1:175985118028:certificate/f1e68a3e-0c59-4a30-9954-905cc3cf346b",
                "cloudfront_default_certificate": false,
                "iam_certificate_id": "",
                "minimum_protocol_version": "TLSv1.2_2021",
                "ssl_support_method": "sni-only"
              }
            ],
            "wait_for_deployment": true,
            "web_acl_id": ""
          },
          "sensitive_attributes": [],
          "private": "eyJzY2hlbWFfdmVyc2lvbiI6IjEifQ==",
          "dependencies": [
            "aws_acm_certificate.ssl_certificate",
            "aws_acm_certificate_validation.cert_validation",
            "aws_cloudfront_function.www_redirect",
            "aws_cloudfront_origin_access_control.current",
            "aws_route53_record.cert_validation",
            "aws_route53_zone.main",
            "aws_s3_bucket.static_website"
          ]
        }
      ]
    },
    {
      "mode": "managed",
      "type": "aws_cloudfront_function",
      "name": "www_redirect",
      "provider": "provider[\"registry.terraform.io/hashicorp/aws\"]",
      "instances": [
        {
          "schema_version": 0,
          "attributes": {
            "arn": "arn:aws:cloudfront::175985118028:function/static-website-www-redirect",
            "code": "function handler(event) {\n    var request = event.request;\n    var hostHeader = request.headers.host.value;\n\n    // Regular expression to extract the top-level domain and root domain\n    var domainRegex = /(?:.*\\.)?([a-z0-9\\-]+\\.[a-z]+)$/i;\n    var match = hostHeader.match(domainRegex);\n\n    // If the regex does not match, or the host does not start with 'www.', return the original request\n    if (!match || !hostHeader.startsWith('www.')) {\n        return request;\n    }\n\n    // Extract the root domain\n    var rootDomain = match[1];\n\n    // Construct and return the redirect response\n    return {\n        statusCode: 301,\n        statusDescription: 'Moved Permanently',\n        headers: {\n            \"location\": { \"value\": \"https://\" + rootDomain + request.uri },\n            \"cache-control\": { \"value\": \"max-age=3600\" }\n        }\n    };\n}\n",
            "comment": "",
            "etag": "ETVPDKIKX0DER",
            "id": "static-website-www-redirect",
            "live_stage_etag": "ETVPDKIKX0DER",
            "name": "static-website-www-redirect",
            "publish": true,
            "runtime": "cloudfront-js-1.0",
            "status": "UNASSOCIATED"
          },
          "sensitive_attributes": [],
          "private": "bnVsbA=="
        }
      ]
    },
    {
      "mode": "managed",
      "type": "aws_cloudfront_origin_access_control",
      "name": "current",
      "provider": "provider[\"registry.terraform.io/hashicorp/aws\"]",
      "instances": [
        {
          "schema_version": 0,
          "attributes": {
            "description": "Managed by Terraform",
            "etag": "ETVPDKIKX0DER",
            "id": "E2ACN3LJFF1NB3",
            "name": "OAC top5nfortechunit.com",
            "origin_access_control_origin_type": "s3",
            "signing_behavior": "always",
            "signing_protocol": "sigv4"
          },
          "sensitive_attributes": [],
          "private": "bnVsbA==",
          "dependencies": [
            "aws_s3_bucket.static_website"
          ]
        }
      ]
    },
    {
      "mode": "managed",
      "type": "aws_route53_record",
      "name": "cert_validation",
      "provider": "provider[\"registry.terraform.io/hashicorp/aws\"]",
      "instances": [
        {
          "index_key": "*.nfortechunit.com",
          "schema_version": 2,
          "attributes": {
            "alias": [],
            "allow_overwrite": true,
            "cidr_routing_policy": [],
            "failover_routing_policy": [],
            "fqdn": "_95be0c49e320859e150e3b3dc1b3b14f.nfortechunit.com",
            "geolocation_routing_policy": [],
            "health_check_id": "",
            "id": "Z00634231EMFVSI5DI9PF__95be0c49e320859e150e3b3dc1b3b14f.nfortechunit.com._CNAME",
            "latency_routing_policy": [],
            "multivalue_answer_routing_policy": false,
            "name": "_95be0c49e320859e150e3b3dc1b3b14f.nfortechunit.com",
            "records": [
              "_ca3b85de71c6f40f43f060a90dfbc9e4.rwqlylxcsp.acm-validations.aws."
            ],
            "set_identifier": "",
            "ttl": 60,
            "type": "CNAME",
            "weighted_routing_policy": [],
            "zone_id": "Z00634231EMFVSI5DI9PF"
          },
          "sensitive_attributes": [],
          "private": "eyJzY2hlbWFfdmVyc2lvbiI6IjIifQ==",
          "dependencies": [
            "aws_acm_certificate.ssl_certificate",
            "aws_route53_zone.main"
          ]
        },
        {
          "index_key": "nfortechunit.com",
          "schema_version": 2,
          "attributes": {
            "alias": [],
            "allow_overwrite": true,
            "cidr_routing_policy": [],
            "failover_routing_policy": [],
            "fqdn": "_95be0c49e320859e150e3b3dc1b3b14f.nfortechunit.com",
            "geolocation_routing_policy": [],
            "health_check_id": "",
            "id": "Z00634231EMFVSI5DI9PF__95be0c49e320859e150e3b3dc1b3b14f.nfortechunit.com._CNAME",
            "latency_routing_policy": [],
            "multivalue_answer_routing_policy": false,
            "name": "_95be0c49e320859e150e3b3dc1b3b14f.nfortechunit.com",
            "records": [
              "_ca3b85de71c6f40f43f060a90dfbc9e4.rwqlylxcsp.acm-validations.aws."
            ],
            "set_identifier": "",
            "ttl": 60,
            "type": "CNAME",
            "weighted_routing_policy": [],
            "zone_id": "Z00634231EMFVSI5DI9PF"
          },
          "sensitive_attributes": [],
          "private": "eyJzY2hlbWFfdmVyc2lvbiI6IjIifQ==",
          "dependencies": [
            "aws_acm_certificate.ssl_certificate",
            "aws_route53_zone.main"
          ]
        }
      ]
    },
    {
      "mode": "managed",
      "type": "aws_route53_record",
      "name": "root_a",
      "provider": "provider[\"registry.terraform.io/hashicorp/aws\"]",
      "instances": [
        {
          "schema_version": 2,
          "attributes": {
            "alias": [
              {
                "evaluate_target_health": false,
                "name": "d22u4qgxo2qqlw.cloudfront.net",
                "zone_id": "Z2FDTNDATAQYW2"
              }
            ],
            "allow_overwrite": null,
            "cidr_routing_policy": [],
            "failover_routing_policy": [],
            "fqdn": "nfortechunit.com",
            "geolocation_routing_policy": [],
            "health_check_id": "",
            "id": "Z00634231EMFVSI5DI9PF_nfortechunit.com_A",
            "latency_routing_policy": [],
            "multivalue_answer_routing_policy": false,
            "name": "nfortechunit.com",
            "records": null,
            "set_identifier": "",
            "ttl": 0,
            "type": "A",
            "weighted_routing_policy": [],
            "zone_id": "Z00634231EMFVSI5DI9PF"
          },
          "sensitive_attributes": [],
          "private": "eyJzY2hlbWFfdmVyc2lvbiI6IjIifQ==",
          "dependencies": [
            "aws_acm_certificate.ssl_certificate",
            "aws_acm_certificate_validation.cert_validation",
            "aws_cloudfront_distribution.s3_distribution",
            "aws_cloudfront_function.www_redirect",
            "aws_cloudfront_origin_access_control.current",
            "aws_route53_record.cert_validation",
            "aws_route53_zone.main",
            "aws_s3_bucket.static_website"
          ]
        }
      ]
    },
    {
      "mode": "managed",
      "type": "aws_route53_record",
      "name": "www_a",
      "provider": "provider[\"registry.terraform.io/hashicorp/aws\"]",
      "instances": [
        {
          "schema_version": 2,
          "attributes": {
            "alias": [
              {
                "evaluate_target_health": false,
                "name": "d22u4qgxo2qqlw.cloudfront.net",
                "zone_id": "Z2FDTNDATAQYW2"
              }
            ],
            "allow_overwrite": null,
            "cidr_routing_policy": [],
            "failover_routing_policy": [],
            "fqdn": "www.nfortechunit.com",
            "geolocation_routing_policy": [],
            "health_check_id": "",
            "id": "Z00634231EMFVSI5DI9PF_www.nfortechunit.com_A",
            "latency_routing_policy": [],
            "multivalue_answer_routing_policy": false,
            "name": "www.nfortechunit.com",
            "records": null,
            "set_identifier": "",
            "ttl": 0,
            "type": "A",
            "weighted_routing_policy": [],
            "zone_id": "Z00634231EMFVSI5DI9PF"
          },
          "sensitive_attributes": [],
          "private": "eyJzY2hlbWFfdmVyc2lvbiI6IjIifQ==",
          "dependencies": [
            "aws_acm_certificate.ssl_certificate",
            "aws_acm_certificate_validation.cert_validation",
            "aws_cloudfront_distribution.s3_distribution",
            "aws_cloudfront_function.www_redirect",
            "aws_cloudfront_origin_access_control.current",
            "aws_route53_record.cert_validation",
            "aws_route53_zone.main",
            "aws_s3_bucket.static_website"
          ]
        }
      ]
    },
    {
      "mode": "managed",
      "type": "aws_route53_zone",
      "name": "main",
      "provider": "provider[\"registry.terraform.io/hashicorp/aws\"]",
      "instances": [
        {
          "schema_version": 0,
          "attributes": {
            "arn": "arn:aws:route53:::hostedzone/Z00634231EMFVSI5DI9PF",
            "comment": "Managed by Terraform",
            "delegation_set_id": "",
            "force_destroy": false,
            "id": "Z00634231EMFVSI5DI9PF",
            "name": "nfortechunit.com",
            "name_servers": [
              "ns-102.awsdns-12.com",
              "ns-1405.awsdns-47.org",
              "ns-1756.awsdns-27.co.uk",
              "ns-804.awsdns-36.net"
            ],
            "primary_name_server": "ns-1756.awsdns-27.co.uk",
            "tags": {
              "ManagedBy": "Terraform",
              "Project": "Static Website"
            },
            "tags_all": {
              "ManagedBy": "Terraform",
              "Project": "Static Website"
            },
            "vpc": [],
            "zone_id": "Z00634231EMFVSI5DI9PF"
          },
          "sensitive_attributes": [],
          "private": "bnVsbA=="
        }
      ]
    },
    {
      "mode": "managed",
      "type": "aws_s3_bucket",
      "name": "static_website",
      "provider": "provider[\"registry.terraform.io/hashicorp/aws\"]",
      "instances": [
        {
          "schema_version": 0,
          "attributes": {
            "acceleration_status": "",
            "acl": null,
            "arn": "arn:aws:s3:::top5nfortechunit.com",
            "bucket": "top5nfortechunit.com",
            "bucket_domain_name": "top5nfortechunit.com.s3.amazonaws.com",
            "bucket_prefix": "",
            "bucket_regional_domain_name": "top5nfortechunit.com.s3.us-east-1.amazonaws.com",
            "cors_rule": [],
            "force_destroy": false,
            "grant": [
              {
                "id": "e89db8daf7bdd63e4379e70f66789a72a732dce15b15c6e2f1f11bcd3a14c9ec",
                "permissions": [
                  "FULL_CONTROL"
                ],
                "type": "CanonicalUser",
                "uri": ""
              }
            ],
            "hosted_zone_id": "Z3AQBSTGFYJSTF",
            "id": "top5nfortechunit.com",
            "lifecycle_rule": [],
            "logging": [],
            "object_lock_configuration": [],
            "object_lock_enabled": false,
            "policy": "",
            "region": "us-east-1",
            "replication_configuration": [],
            "request_payer": "BucketOwner",
            "server_side_encryption_configuration": [
              {
                "rule": [
                  {
                    "apply_server_side_encryption_by_default": [
                      {
                        "kms_master_key_id": "",
                        "sse_algorithm": "AES256"
                      }
                    ],
                    "bucket_key_enabled": false
                  }
                ]
              }
            ],
            "tags": {
              "ManagedBy": "Terraform",
              "Project": "Static Website"
            },
            "tags_all": {
              "ManagedBy": "Terraform",
              "Project": "Static Website"
            },
            "timeouts": null,
            "versioning": [
              {
                "enabled": false,
                "mfa_delete": false
              }
            ],
            "website": [
              {
                "error_document": "index.html",
                "index_document": "index.html",
                "redirect_all_requests_to": "",
                "routing_rules": ""
              }
            ],
            "website_domain": "s3-website-us-east-1.amazonaws.com",
            "website_endpoint": "top5nfortechunit.com.s3-website-us-east-1.amazonaws.com"
          },
          "sensitive_attributes": [],
          "private": "eyJlMmJmYjczMC1lY2FhLTExZTYtOGY4OC0zNDM2M2JjN2M0YzAiOnsiY3JlYXRlIjoxMjAwMDAwMDAwMDAwLCJkZWxldGUiOjM2MDAwMDAwMDAwMDAsInJlYWQiOjEyMDAwMDAwMDAwMDAsInVwZGF0ZSI6MTIwMDAwMDAwMDAwMH19"
        }
      ]
    },
    {
      "mode": "managed",
      "type": "aws_s3_bucket_acl",
      "name": "website_bucket",
      "provider": "provider[\"registry.terraform.io/hashicorp/aws\"]",
      "instances": [
        {
          "schema_version": 0,
          "attributes": {
            "access_control_policy": [
              {
                "grant": [
                  {
                    "grantee": [
                      {
                        "display_name": "dominioncrew644",
                        "email_address": "",
                        "id": "e89db8daf7bdd63e4379e70f66789a72a732dce15b15c6e2f1f11bcd3a14c9ec",
                        "type": "CanonicalUser",
                        "uri": ""
                      }
                    ],
                    "permission": "FULL_CONTROL"
                  }
                ],
                "owner": [
                  {
                    "display_name": "dominioncrew644",
                    "id": "e89db8daf7bdd63e4379e70f66789a72a732dce15b15c6e2f1f11bcd3a14c9ec"
                  }
                ]
              }
            ],
            "acl": "private",
            "bucket": "top5nfortechunit.com",
            "expected_bucket_owner": "",
            "id": "top5nfortechunit.com,private"
          },
          "sensitive_attributes": [],
          "private": "bnVsbA==",
          "dependencies": [
            "aws_s3_bucket.static_website",
            "aws_s3_bucket_ownership_controls.website_bucket",
            "aws_s3_bucket_public_access_block.website_bucket"
          ]
        }
      ]
    },
    {
      "mode": "managed",
      "type": "aws_s3_bucket_ownership_controls",
      "name": "website_bucket",
      "provider": "provider[\"registry.terraform.io/hashicorp/aws\"]",
      "instances": [
        {
          "schema_version": 0,
          "attributes": {
            "bucket": "top5nfortechunit.com",
            "id": "top5nfortechunit.com",
            "rule": [
              {
                "object_ownership": "BucketOwnerPreferred"
              }
            ]
          },
          "sensitive_attributes": [],
          "private": "bnVsbA==",
          "dependencies": [
            "aws_s3_bucket.static_website"
          ]
        }
      ]
    },
    {
      "mode": "managed",
      "type": "aws_s3_bucket_policy",
      "name": "allow_cloudfront",
      "provider": "provider[\"registry.terraform.io/hashicorp/aws\"]",
      "instances": [
        {
          "schema_version": 0,
          "attributes": {
            "bucket": "top5nfortechunit.com",
            "id": "top5nfortechunit.com",
            "policy": "{\"Statement\":[{\"Action\":\"s3:GetObject\",\"Condition\":{\"StringEquals\":{\"AWS:SourceArn\":\"arn:aws:cloudfront::175985118028:distribution/E32AVGDGY0D4B\"}},\"Effect\":\"Allow\",\"Principal\":{\"Service\":\"cloudfront.amazonaws.com\"},\"Resource\":[\"arn:aws:s3:::top5nfortechunit.com/*\",\"arn:aws:s3:::top5nfortechunit.com\"],\"Sid\":\"AllowCloudFrontServicePrincipalReadOnly\"}],\"Version\":\"2012-10-17\"}"
          },
          "sensitive_attributes": [],
          "private": "bnVsbA==",
          "dependencies": [
            "aws_acm_certificate.ssl_certificate",
            "aws_acm_certificate_validation.cert_validation",
            "aws_cloudfront_distribution.s3_distribution",
            "aws_cloudfront_function.www_redirect",
            "aws_cloudfront_origin_access_control.current",
            "aws_route53_record.cert_validation",
            "aws_route53_zone.main",
            "aws_s3_bucket.static_website",
            "data.aws_iam_policy_document.cloudfront"
          ]
        }
      ]
    },
    {
      "mode": "managed",
      "type": "aws_s3_bucket_public_access_block",
      "name": "website_bucket",
      "provider": "provider[\"registry.terraform.io/hashicorp/aws\"]",
      "instances": [
        {
          "schema_version": 0,
          "attributes": {
            "block_public_acls": true,
            "block_public_policy": true,
            "bucket": "top5nfortechunit.com",
            "id": "top5nfortechunit.com",
            "ignore_public_acls": true,
            "restrict_public_buckets": true
          },
          "sensitive_attributes": [],
          "private": "bnVsbA==",
          "dependencies": [
            "aws_s3_bucket.static_website"
          ]
        }
      ]
    },
    {
      "mode": "managed",
      "type": "aws_s3_bucket_website_configuration",
      "name": "website_bucket",
      "provider": "provider[\"registry.terraform.io/hashicorp/aws\"]",
      "instances": [
        {
          "schema_version": 0,
          "attributes": {
            "bucket": "top5nfortechunit.com",
            "error_document": [
              {
                "key": "index.html"
              }
            ],
            "expected_bucket_owner": "",
            "id": "top5nfortechunit.com",
            "index_document": [
              {
                "suffix": "index.html"
              }
            ],
            "redirect_all_requests_to": [],
            "routing_rule": [],
            "routing_rules": "",
            "website_domain": "s3-website-us-east-1.amazonaws.com",
            "website_endpoint": "top5nfortechunit.com.s3-website-us-east-1.amazonaws.com"
          },
          "sensitive_attributes": [],
          "private": "bnVsbA==",
          "dependencies": [
            "aws_s3_bucket.static_website"
          ]
        }
      ]
    },
    {
      "mode": "managed",
      "type": "aws_s3_object",
      "name": "static_file",
      "provider": "provider[\"registry.terraform.io/hashicorp/aws\"]",
      "instances": [
        {
          "index_key": "favicon.png",
          "schema_version": 0,
          "attributes": {
            "acl": null,
            "bucket": "top5nfortechunit.com",
            "bucket_key_enabled": false,
            "cache_control": "",
            "checksum_algorithm": null,
            "checksum_crc32": "",
            "checksum_crc32c": "",
            "checksum_sha1": "",
            "checksum_sha256": "",
            "content": null,
            "content_base64": null,
            "content_disposition": "",
            "content_encoding": "",
            "content_language": "",
            "content_type": "image/png",
            "etag": "37b6bc6558648da7d26c4784a04a2b15",
            "force_destroy": false,
            "id": "favicon.png",
            "key": "favicon.png",
            "kms_key_id": null,
            "metadata": {},
            "object_lock_legal_hold_status": "",
            "object_lock_mode": "",
            "object_lock_retain_until_date": "",
            "server_side_encryption": "AES256",
            "source": "./dist/favicon.png",
            "source_hash": null,
            "storage_class": "STANDARD",
            "tags": {},
            "tags_all": {},
            "version_id": "",
            "website_redirect": ""
          },
          "sensitive_attributes": [],
          "private": "bnVsbA==",
          "dependencies": [
            "aws_s3_bucket.static_website"
          ]
        },
        {
          "index_key": "giphy.gif",
          "schema_version": 0,
          "attributes": {
            "acl": null,
            "bucket": "top5nfortechunit.com",
            "bucket_key_enabled": false,
            "cache_control": "",
            "checksum_algorithm": null,
            "checksum_crc32": "",
            "checksum_crc32c": "",
            "checksum_sha1": "",
            "checksum_sha256": "",
            "content": null,
            "content_base64": null,
            "content_disposition": "",
            "content_encoding": "",
            "content_language": "",
            "content_type": "image/gif",
            "etag": "4b8f61b8ccb63669806432500ca50583",
            "force_destroy": false,
            "id": "giphy.gif",
            "key": "giphy.gif",
            "kms_key_id": null,
            "metadata": {},
            "object_lock_legal_hold_status": "",
            "object_lock_mode": "",
            "object_lock_retain_until_date": "",
            "server_side_encryption": "AES256",
            "source": "./dist/giphy.gif",
            "source_hash": null,
            "storage_class": "STANDARD",
            "tags": {},
            "tags_all": {},
            "version_id": "",
            "website_redirect": ""
          },
          "sensitive_attributes": [],
          "private": "bnVsbA==",
          "dependencies": [
            "aws_s3_bucket.static_website"
          ]
        },
        {
          "index_key": "index.html",
          "schema_version": 0,
          "attributes": {
            "acl": null,
            "bucket": "top5nfortechunit.com",
            "bucket_key_enabled": false,
            "cache_control": "",
            "checksum_algorithm": null,
            "checksum_crc32": "",
            "checksum_crc32c": "",
            "checksum_sha1": "",
            "checksum_sha256": "",
            "content": null,
            "content_base64": null,
            "content_disposition": "",
            "content_encoding": "",
            "content_language": "",
            "content_type": "text/html",
            "etag": "fa9af710c89ebf86f86e84bf86661af8",
            "force_destroy": false,
            "id": "index.html",
            "key": "index.html",
            "kms_key_id": null,
            "metadata": {},
            "object_lock_legal_hold_status": "",
            "object_lock_mode": "",
            "object_lock_retain_until_date": "",
            "server_side_encryption": "AES256",
            "source": "./dist/index.html",
            "source_hash": null,
            "storage_class": "STANDARD",
            "tags": {},
            "tags_all": {},
            "version_id": "",
            "website_redirect": ""
          },
          "sensitive_attributes": [],
          "private": "bnVsbA==",
          "dependencies": [
            "aws_s3_bucket.static_website"
          ]
        },
        {
          "index_key": "script.js",
          "schema_version": 0,
          "attributes": {
            "acl": null,
            "bucket": "top5nfortechunit.com",
            "bucket_key_enabled": false,
            "cache_control": "",
            "checksum_algorithm": null,
            "checksum_crc32": "",
            "checksum_crc32c": "",
            "checksum_sha1": "",
            "checksum_sha256": "",
            "content": null,
            "content_base64": null,
            "content_disposition": "",
            "content_encoding": "",
            "content_language": "",
            "content_type": "application/javascript",
            "etag": "a49a7b0f04270e599e878be2b8d68600",
            "force_destroy": false,
            "id": "script.js",
            "key": "script.js",
            "kms_key_id": null,
            "metadata": {},
            "object_lock_legal_hold_status": "",
            "object_lock_mode": "",
            "object_lock_retain_until_date": "",
            "server_side_encryption": "AES256",
            "source": "./dist/script.js",
            "source_hash": null,
            "storage_class": "STANDARD",
            "tags": {},
            "tags_all": {},
            "version_id": "",
            "website_redirect": ""
          },
          "sensitive_attributes": [],
          "private": "bnVsbA==",
          "dependencies": [
            "aws_s3_bucket.static_website"
          ]
        },
        {
          "index_key": "styles.css",
          "schema_version": 0,
          "attributes": {
            "acl": null,
            "bucket": "top5nfortechunit.com",
            "bucket_key_enabled": false,
            "cache_control": "",
            "checksum_algorithm": null,
            "checksum_crc32": "",
            "checksum_crc32c": "",
            "checksum_sha1": "",
            "checksum_sha256": "",
            "content": null,
            "content_base64": null,
            "content_disposition": "",
            "content_encoding": "",
            "content_language": "",
            "content_type": "text/css",
            "etag": "51cc925a589f80001e371967939cd2e3",
            "force_destroy": false,
            "id": "styles.css",
            "key": "styles.css",
            "kms_key_id": null,
            "metadata": {},
            "object_lock_legal_hold_status": "",
            "object_lock_mode": "",
            "object_lock_retain_until_date": "",
            "server_side_encryption": "AES256",
            "source": "./dist/styles.css",
            "source_hash": null,
            "storage_class": "STANDARD",
            "tags": {},
            "tags_all": {},
            "version_id": "",
            "website_redirect": ""
          },
          "sensitive_attributes": [],
          "private": "bnVsbA==",
          "dependencies": [
            "aws_s3_bucket.static_website"
          ]
        }
      ]
    }
  ],
  "check_results": null
}
